// !$*UTF8*$!
{
	archiveVersion = 1;
	classes = {
	};
	objectVersion = 50;
	objects = {

/* Begin PBXBuildFile section */
		EEBE7700238354C9002ED802 /* AppDelegate.m in Sources */ = {isa = PBXBuildFile; fileRef = EEBE76FF238354C9002ED802 /* AppDelegate.m */; };
		EEBE7703238354C9002ED802 /* SceneDelegate.m in Sources */ = {isa = PBXBuildFile; fileRef = EEBE7702238354C9002ED802 /* SceneDelegate.m */; };
		EEBE7706238354C9002ED802 /* ViewController.m in Sources */ = {isa = PBXBuildFile; fileRef = EEBE7705238354C9002ED802 /* ViewController.m */; };
		EEBE7709238354C9002ED802 /* Main.storyboard in Resources */ = {isa = PBXBuildFile; fileRef = EEBE7707238354C9002ED802 /* Main.storyboard */; };
		EEBE770B238354CA002ED802 /* Assets.xcassets in Resources */ = {isa = PBXBuildFile; fileRef = EEBE770A238354CA002ED802 /* Assets.xcassets */; };
		EEBE770E238354CA002ED802 /* LaunchScreen.storyboard in Resources */ = {isa = PBXBuildFile; fileRef = EEBE770C238354CA002ED802 /* LaunchScreen.storyboard */; };
		EEBE7711238354CA002ED802 /* main.m in Sources */ = {isa = PBXBuildFile; fileRef = EEBE7710238354CA002ED802 /* main.m */; };
		EEBE771B238354CA002ED802 /* iOS13Tests.m in Sources */ = {isa = PBXBuildFile; fileRef = EEBE771A238354CA002ED802 /* iOS13Tests.m */; };
		EEBE7726238354CA002ED802 /* iOS13UITests.m in Sources */ = {isa = PBXBuildFile; fileRef = EEBE7725238354CA002ED802 /* iOS13UITests.m */; };
		EEBE77422383553E002ED802 /* ADBMobileConfig.json in Resources */ = {isa = PBXBuildFile; fileRef = EEBE773D2383553D002ED802 /* ADBMobileConfig.json */; };
		EEBE77452383553E002ED802 /* AdobeMobileLibrary.a in Frameworks */ = {isa = PBXBuildFile; fileRef = EEBE77402383553D002ED802 /* AdobeMobileLibrary.a */; };
		EEBE7748238355D6002ED802 /* libsqlite3.tbd in Frameworks */ = {isa = PBXBuildFile; fileRef = EEBE7747238355D6002ED802 /* libsqlite3.tbd */; };
		EEBE774A238355DB002ED802 /* SystemConfiguration.framework in Frameworks */ = {isa = PBXBuildFile; fileRef = EEBE7749238355DB002ED802 /* SystemConfiguration.framework */; };
		EEBE774C238355DF002ED802 /* WebKit.framework in Frameworks */ = {isa = PBXBuildFile; fileRef = EEBE774B238355DF002ED802 /* WebKit.framework */; };
/* End PBXBuildFile section */

/* Begin PBXContainerItemProxy section */
		EEBE7717238354CA002ED802 /* PBXContainerItemProxy */ = {
			isa = PBXContainerItemProxy;
			containerPortal = EEBE76F3238354C9002ED802 /* Project object */;
			proxyType = 1;
			remoteGlobalIDString = EEBE76FA238354C9002ED802;
			remoteInfo = iOS13;
		};
		EEBE7722238354CA002ED802 /* PBXContainerItemProxy */ = {
			isa = PBXContainerItemProxy;
			containerPortal = EEBE76F3238354C9002ED802 /* Project object */;
			proxyType = 1;
			remoteGlobalIDString = EEBE76FA238354C9002ED802;
			remoteInfo = iOS13;
		};
/* End PBXContainerItemProxy section */

/* Begin PBXFileReference section */
		EEBE76FB238354C9002ED802 /* iOS13.app */ = {isa = PBXFileReference; explicitFileType = wrapper.application; includeInIndex = 0; path = iOS13.app; sourceTree = BUILT_PRODUCTS_DIR; };
		EEBE76FE238354C9002ED802 /* AppDelegate.h */ = {isa = PBXFileReference; lastKnownFileType = sourcecode.c.h; path = AppDelegate.h; sourceTree = "<group>"; };
		EEBE76FF238354C9002ED802 /* AppDelegate.m */ = {isa = PBXFileReference; lastKnownFileType = sourcecode.c.objc; path = AppDelegate.m; sourceTree = "<group>"; };
		EEBE7701238354C9002ED802 /* SceneDelegate.h */ = {isa = PBXFileReference; lastKnownFileType = sourcecode.c.h; path = SceneDelegate.h; sourceTree = "<group>"; };
		EEBE7702238354C9002ED802 /* SceneDelegate.m */ = {isa = PBXFileReference; lastKnownFileType = sourcecode.c.objc; path = SceneDelegate.m; sourceTree = "<group>"; };
		EEBE7704238354C9002ED802 /* ViewController.h */ = {isa = PBXFileReference; lastKnownFileType = sourcecode.c.h; path = ViewController.h; sourceTree = "<group>"; };
		EEBE7705238354C9002ED802 /* ViewController.m */ = {isa = PBXFileReference; lastKnownFileType = sourcecode.c.objc; path = ViewController.m; sourceTree = "<group>"; };
		EEBE7708238354C9002ED802 /* Base */ = {isa = PBXFileReference; lastKnownFileType = file.storyboard; name = Base; path = Base.lproj/Main.storyboard; sourceTree = "<group>"; };
		EEBE770A238354CA002ED802 /* Assets.xcassets */ = {isa = PBXFileReference; lastKnownFileType = folder.assetcatalog; path = Assets.xcassets; sourceTree = "<group>"; };
		EEBE770D238354CA002ED802 /* Base */ = {isa = PBXFileReference; lastKnownFileType = file.storyboard; name = Base; path = Base.lproj/LaunchScreen.storyboard; sourceTree = "<group>"; };
		EEBE770F238354CA002ED802 /* Info.plist */ = {isa = PBXFileReference; lastKnownFileType = text.plist.xml; path = Info.plist; sourceTree = "<group>"; };
		EEBE7710238354CA002ED802 /* main.m */ = {isa = PBXFileReference; lastKnownFileType = sourcecode.c.objc; path = main.m; sourceTree = "<group>"; };
		EEBE7716238354CA002ED802 /* iOS13Tests.xctest */ = {isa = PBXFileReference; explicitFileType = wrapper.cfbundle; includeInIndex = 0; path = iOS13Tests.xctest; sourceTree = BUILT_PRODUCTS_DIR; };
		EEBE771A238354CA002ED802 /* iOS13Tests.m */ = {isa = PBXFileReference; lastKnownFileType = sourcecode.c.objc; path = iOS13Tests.m; sourceTree = "<group>"; };
		EEBE771C238354CA002ED802 /* Info.plist */ = {isa = PBXFileReference; lastKnownFileType = text.plist.xml; path = Info.plist; sourceTree = "<group>"; };
		EEBE7721238354CA002ED802 /* iOS13UITests.xctest */ = {isa = PBXFileReference; explicitFileType = wrapper.cfbundle; includeInIndex = 0; path = iOS13UITests.xctest; sourceTree = BUILT_PRODUCTS_DIR; };
		EEBE7725238354CA002ED802 /* iOS13UITests.m */ = {isa = PBXFileReference; lastKnownFileType = sourcecode.c.objc; path = iOS13UITests.m; sourceTree = "<group>"; };
		EEBE7727238354CA002ED802 /* Info.plist */ = {isa = PBXFileReference; lastKnownFileType = text.plist.xml; path = Info.plist; sourceTree = "<group>"; };
		EEBE773B2383553D002ED802 /* AdobeMobileLibrary_Watch.a */ = {isa = PBXFileReference; lastKnownFileType = archive.ar; path = AdobeMobileLibrary_Watch.a; sourceTree = "<group>"; };
		EEBE773C2383553D002ED802 /* ADBMobile.h */ = {isa = PBXFileReference; fileEncoding = 4; lastKnownFileType = sourcecode.c.h; path = ADBMobile.h; sourceTree = "<group>"; };
		EEBE773D2383553D002ED802 /* ADBMobileConfig.json */ = {isa = PBXFileReference; fileEncoding = 4; lastKnownFileType = text.json; path = ADBMobileConfig.json; sourceTree = "<group>"; };
		EEBE773E2383553D002ED802 /* AdobeMobileLibrary_Extension.a */ = {isa = PBXFileReference; lastKnownFileType = archive.ar; path = AdobeMobileLibrary_Extension.a; sourceTree = "<group>"; };
		EEBE773F2383553D002ED802 /* AdobeMobileLibrary_TV.a */ = {isa = PBXFileReference; lastKnownFileType = archive.ar; path = AdobeMobileLibrary_TV.a; sourceTree = "<group>"; };
		EEBE77402383553D002ED802 /* AdobeMobileLibrary.a */ = {isa = PBXFileReference; lastKnownFileType = archive.ar; path = AdobeMobileLibrary.a; sourceTree = "<group>"; };
		EEBE7747238355D6002ED802 /* libsqlite3.tbd */ = {isa = PBXFileReference; lastKnownFileType = "sourcecode.text-based-dylib-definition"; name = libsqlite3.tbd; path = usr/lib/libsqlite3.tbd; sourceTree = SDKROOT; };
		EEBE7749238355DB002ED802 /* SystemConfiguration.framework */ = {isa = PBXFileReference; lastKnownFileType = wrapper.framework; name = SystemConfiguration.framework; path = System/Library/Frameworks/SystemConfiguration.framework; sourceTree = SDKROOT; };
		EEBE774B238355DF002ED802 /* WebKit.framework */ = {isa = PBXFileReference; lastKnownFileType = wrapper.framework; name = WebKit.framework; path = System/Library/Frameworks/WebKit.framework; sourceTree = SDKROOT; };
/* End PBXFileReference section */

/* Begin PBXFrameworksBuildPhase section */
		EEBE76F8238354C9002ED802 /* Frameworks */ = {
			isa = PBXFrameworksBuildPhase;
			buildActionMask = 2147483647;
			files = (
				EEBE774C238355DF002ED802 /* WebKit.framework in Frameworks */,
				EEBE774A238355DB002ED802 /* SystemConfiguration.framework in Frameworks */,
				EEBE7748238355D6002ED802 /* libsqlite3.tbd in Frameworks */,
				EEBE77452383553E002ED802 /* AdobeMobileLibrary.a in Frameworks */,
			);
			runOnlyForDeploymentPostprocessing = 0;
		};
		EEBE7713238354CA002ED802 /* Frameworks */ = {
			isa = PBXFrameworksBuildPhase;
			buildActionMask = 2147483647;
			files = (
			);
			runOnlyForDeploymentPostprocessing = 0;
		};
		EEBE771E238354CA002ED802 /* Frameworks */ = {
			isa = PBXFrameworksBuildPhase;
			buildActionMask = 2147483647;
			files = (
			);
			runOnlyForDeploymentPostprocessing = 0;
		};
/* End PBXFrameworksBuildPhase section */

/* Begin PBXGroup section */
		EEBE76F2238354C9002ED802 = {
			isa = PBXGroup;
			children = (
				EEBE773A2383553D002ED802 /* AdobeMobileLibrary */,
				EEBE76FD238354C9002ED802 /* iOS13 */,
				EEBE7719238354CA002ED802 /* iOS13Tests */,
				EEBE7724238354CA002ED802 /* iOS13UITests */,
				EEBE76FC238354C9002ED802 /* Products */,
				EEBE7746238355D6002ED802 /* Frameworks */,
			);
			sourceTree = "<group>";
		};
		EEBE76FC238354C9002ED802 /* Products */ = {
			isa = PBXGroup;
			children = (
				EEBE76FB238354C9002ED802 /* iOS13.app */,
				EEBE7716238354CA002ED802 /* iOS13Tests.xctest */,
				EEBE7721238354CA002ED802 /* iOS13UITests.xctest */,
			);
			name = Products;
			sourceTree = "<group>";
		};
		EEBE76FD238354C9002ED802 /* iOS13 */ = {
			isa = PBXGroup;
			children = (
				EEBE76FE238354C9002ED802 /* AppDelegate.h */,
				EEBE76FF238354C9002ED802 /* AppDelegate.m */,
				EEBE7701238354C9002ED802 /* SceneDelegate.h */,
				EEBE7702238354C9002ED802 /* SceneDelegate.m */,
				EEBE7704238354C9002ED802 /* ViewController.h */,
				EEBE7705238354C9002ED802 /* ViewController.m */,
				EEBE7707238354C9002ED802 /* Main.storyboard */,
				EEBE770A238354CA002ED802 /* Assets.xcassets */,
				EEBE770C238354CA002ED802 /* LaunchScreen.storyboard */,
				EEBE770F238354CA002ED802 /* Info.plist */,
				EEBE7710238354CA002ED802 /* main.m */,
			);
			path = iOS13;
			sourceTree = "<group>";
		};
		EEBE7719238354CA002ED802 /* iOS13Tests */ = {
			isa = PBXGroup;
			children = (
				EEBE771A238354CA002ED802 /* iOS13Tests.m */,
				EEBE771C238354CA002ED802 /* Info.plist */,
			);
			path = iOS13Tests;
			sourceTree = "<group>";
		};
		EEBE7724238354CA002ED802 /* iOS13UITests */ = {
			isa = PBXGroup;
			children = (
				EEBE7725238354CA002ED802 /* iOS13UITests.m */,
				EEBE7727238354CA002ED802 /* Info.plist */,
			);
			path = iOS13UITests;
			sourceTree = "<group>";
		};
		EEBE773A2383553D002ED802 /* AdobeMobileLibrary */ = {
			isa = PBXGroup;
			children = (
				EEBE773B2383553D002ED802 /* AdobeMobileLibrary_Watch.a */,
				EEBE773C2383553D002ED802 /* ADBMobile.h */,
				EEBE773D2383553D002ED802 /* ADBMobileConfig.json */,
				EEBE773E2383553D002ED802 /* AdobeMobileLibrary_Extension.a */,
				EEBE773F2383553D002ED802 /* AdobeMobileLibrary_TV.a */,
				EEBE77402383553D002ED802 /* AdobeMobileLibrary.a */,
			);
			name = AdobeMobileLibrary;
			path = "../AdobeMobileLibrary-4.18.8-iOS/AdobeMobileLibrary";
			sourceTree = "<group>";
		};
		EEBE7746238355D6002ED802 /* Frameworks */ = {
			isa = PBXGroup;
			children = (
				EEBE774B238355DF002ED802 /* WebKit.framework */,
				EEBE7749238355DB002ED802 /* SystemConfiguration.framework */,
				EEBE7747238355D6002ED802 /* libsqlite3.tbd */,
			);
			name = Frameworks;
			sourceTree = "<group>";
		};
/* End PBXGroup section */

/* Begin PBXNativeTarget section */
		EEBE76FA238354C9002ED802 /* iOS13 */ = {
			isa = PBXNativeTarget;
			buildConfigurationList = EEBE772A238354CA002ED802 /* Build configuration list for PBXNativeTarget "iOS13" */;
			buildPhases = (
				EEBE76F7238354C9002ED802 /* Sources */,
				EEBE76F8238354C9002ED802 /* Frameworks */,
				EEBE76F9238354C9002ED802 /* Resources */,
			);
			buildRules = (
			);
			dependencies = (
			);
			name = iOS13;
			productName = iOS13;
			productReference = EEBE76FB238354C9002ED802 /* iOS13.app */;
			productType = "com.apple.product-type.application";
		};
		EEBE7715238354CA002ED802 /* iOS13Tests */ = {
			isa = PBXNativeTarget;
			buildConfigurationList = EEBE772D238354CA002ED802 /* Build configuration list for PBXNativeTarget "iOS13Tests" */;
			buildPhases = (
				EEBE7712238354CA002ED802 /* Sources */,
				EEBE7713238354CA002ED802 /* Frameworks */,
				EEBE7714238354CA002ED802 /* Resources */,
			);
			buildRules = (
			);
			dependencies = (
				EEBE7718238354CA002ED802 /* PBXTargetDependency */,
			);
			name = iOS13Tests;
			productName = iOS13Tests;
			productReference = EEBE7716238354CA002ED802 /* iOS13Tests.xctest */;
			productType = "com.apple.product-type.bundle.unit-test";
		};
		EEBE7720238354CA002ED802 /* iOS13UITests */ = {
			isa = PBXNativeTarget;
			buildConfigurationList = EEBE7730238354CA002ED802 /* Build configuration list for PBXNativeTarget "iOS13UITests" */;
			buildPhases = (
				EEBE771D238354CA002ED802 /* Sources */,
				EEBE771E238354CA002ED802 /* Frameworks */,
				EEBE771F238354CA002ED802 /* Resources */,
			);
			buildRules = (
			);
			dependencies = (
				EEBE7723238354CA002ED802 /* PBXTargetDependency */,
			);
			name = iOS13UITests;
			productName = iOS13UITests;
			productReference = EEBE7721238354CA002ED802 /* iOS13UITests.xctest */;
			productType = "com.apple.product-type.bundle.ui-testing";
		};
/* End PBXNativeTarget section */

/* Begin PBXProject section */
		EEBE76F3238354C9002ED802 /* Project object */ = {
			isa = PBXProject;
			attributes = {
				LastUpgradeCheck = 1130;
				ORGANIZATIONNAME = amsdkci;
				TargetAttributes = {
					EEBE76FA238354C9002ED802 = {
						CreatedOnToolsVersion = 11.3;
					};
					EEBE7715238354CA002ED802 = {
						CreatedOnToolsVersion = 11.3;
						TestTargetID = EEBE76FA238354C9002ED802;
					};
					EEBE7720238354CA002ED802 = {
						CreatedOnToolsVersion = 11.3;
						TestTargetID = EEBE76FA238354C9002ED802;
					};
				};
			};
			buildConfigurationList = EEBE76F6238354C9002ED802 /* Build configuration list for PBXProject "iOS13" */;
			compatibilityVersion = "Xcode 9.3";
			developmentRegion = en;
			hasScannedForEncodings = 0;
			knownRegions = (
				en,
				Base,
			);
			mainGroup = EEBE76F2238354C9002ED802;
			productRefGroup = EEBE76FC238354C9002ED802 /* Products */;
			projectDirPath = "";
			projectRoot = "";
			targets = (
				EEBE76FA238354C9002ED802 /* iOS13 */,
				EEBE7715238354CA002ED802 /* iOS13Tests */,
				EEBE7720238354CA002ED802 /* iOS13UITests */,
			);
		};
/* End PBXProject section */

/* Begin PBXResourcesBuildPhase section */
		EEBE76F9238354C9002ED802 /* Resources */ = {
			isa = PBXResourcesBuildPhase;
			buildActionMask = 2147483647;
			files = (
				EEBE770E238354CA002ED802 /* LaunchScreen.storyboard in Resources */,
				EEBE77422383553E002ED802 /* ADBMobileConfig.json in Resources */,
				EEBE770B238354CA002ED802 /* Assets.xcassets in Resources */,
				EEBE7709238354C9002ED802 /* Main.storyboard in Resources */,
			);
			runOnlyForDeploymentPostprocessing = 0;
		};
		EEBE7714238354CA002ED802 /* Resources */ = {
			isa = PBXResourcesBuildPhase;
			buildActionMask = 2147483647;
			files = (
			);
			runOnlyForDeploymentPostprocessing = 0;
		};
		EEBE771F238354CA002ED802 /* Resources */ = {
			isa = PBXResourcesBuildPhase;
			buildActionMask = 2147483647;
			files = (
			);
			runOnlyForDeploymentPostprocessing = 0;
		};
/* End PBXResourcesBuildPhase section */

/* Begin PBXSourcesBuildPhase section */
		EEBE76F7238354C9002ED802 /* Sources */ = {
			isa = PBXSourcesBuildPhase;
			buildActionMask = 2147483647;
			files = (
				EEBE7706238354C9002ED802 /* ViewController.m in Sources */,
				EEBE7700238354C9002ED802 /* AppDelegate.m in Sources */,
				EEBE7711238354CA002ED802 /* main.m in Sources */,
				EEBE7703238354C9002ED802 /* SceneDelegate.m in Sources */,
			);
			runOnlyForDeploymentPostprocessing = 0;
		};
		EEBE7712238354CA002ED802 /* Sources */ = {
			isa = PBXSourcesBuildPhase;
			buildActionMask = 2147483647;
			files = (
				EEBE771B238354CA002ED802 /* iOS13Tests.m in Sources */,
			);
			runOnlyForDeploymentPostprocessing = 0;
		};
		EEBE771D238354CA002ED802 /* Sources */ = {
			isa = PBXSourcesBuildPhase;
			buildActionMask = 2147483647;
			files = (
				EEBE7726238354CA002ED802 /* iOS13UITests.m in Sources */,
			);
			runOnlyForDeploymentPostprocessing = 0;
		};
/* End PBXSourcesBuildPhase section */

/* Begin PBXTargetDependency section */
		EEBE7718238354CA002ED802 /* PBXTargetDependency */ = {
			isa = PBXTargetDependency;
			target = EEBE76FA238354C9002ED802 /* iOS13 */;
			targetProxy = EEBE7717238354CA002ED802 /* PBXContainerItemProxy */;
		};
		EEBE7723238354CA002ED802 /* PBXTargetDependency */ = {
			isa = PBXTargetDependency;
			target = EEBE76FA238354C9002ED802 /* iOS13 */;
			targetProxy = EEBE7722238354CA002ED802 /* PBXContainerItemProxy */;
		};
/* End PBXTargetDependency section */

/* Begin PBXVariantGroup section */
		EEBE7707238354C9002ED802 /* Main.storyboard */ = {
			isa = PBXVariantGroup;
			children = (
				EEBE7708238354C9002ED802 /* Base */,
			);
			name = Main.storyboard;
			sourceTree = "<group>";
		};
		EEBE770C238354CA002ED802 /* LaunchScreen.storyboard */ = {
			isa = PBXVariantGroup;
			children = (
				EEBE770D238354CA002ED802 /* Base */,
			);
			name = LaunchScreen.storyboard;
			sourceTree = "<group>";
		};
/* End PBXVariantGroup section */

/* Begin XCBuildConfiguration section */
		EEBE7728238354CA002ED802 /* Debug */ = {
			isa = XCBuildConfiguration;
			buildSettings = {
				ALWAYS_SEARCH_USER_PATHS = NO;
				CLANG_ANALYZER_NONNULL = YES;
				CLANG_ANALYZER_NUMBER_OBJECT_CONVERSION = YES_AGGRESSIVE;
				CLANG_CXX_LANGUAGE_STANDARD = "gnu++14";
				CLANG_CXX_LIBRARY = "libc++";
				CLANG_ENABLE_MODULES = YES;
				CLANG_ENABLE_OBJC_ARC = YES;
				CLANG_ENABLE_OBJC_WEAK = YES;
				CLANG_WARN_BLOCK_CAPTURE_AUTORELEASING = YES;
				CLANG_WARN_BOOL_CONVERSION = YES;
				CLANG_WARN_COMMA = YES;
				CLANG_WARN_CONSTANT_CONVERSION = YES;
				CLANG_WARN_DEPRECATED_OBJC_IMPLEMENTATIONS = YES;
				CLANG_WARN_DIRECT_OBJC_ISA_USAGE = YES_ERROR;
				CLANG_WARN_DOCUMENTATION_COMMENTS = YES;
				CLANG_WARN_EMPTY_BODY = YES;
				CLANG_WARN_ENUM_CONVERSION = YES;
				CLANG_WARN_INFINITE_RECURSION = YES;
				CLANG_WARN_INT_CONVERSION = YES;
				CLANG_WARN_NON_LITERAL_NULL_CONVERSION = YES;
				CLANG_WARN_OBJC_IMPLICIT_RETAIN_SELF = YES;
				CLANG_WARN_OBJC_LITERAL_CONVERSION = YES;
				CLANG_WARN_OBJC_ROOT_CLASS = YES_ERROR;
				CLANG_WARN_RANGE_LOOP_ANALYSIS = YES;
				CLANG_WARN_STRICT_PROTOTYPES = YES;
				CLANG_WARN_SUSPICIOUS_MOVE = YES;
				CLANG_WARN_UNGUARDED_AVAILABILITY = YES_AGGRESSIVE;
				CLANG_WARN_UNREACHABLE_CODE = YES;
				CLANG_WARN__DUPLICATE_METHOD_MATCH = YES;
				COPY_PHASE_STRIP = NO;
				DEBUG_INFORMATION_FORMAT = dwarf;
				ENABLE_STRICT_OBJC_MSGSEND = YES;
				ENABLE_TESTABILITY = YES;
				GCC_C_LANGUAGE_STANDARD = gnu11;
				GCC_DYNAMIC_NO_PIC = NO;
				GCC_NO_COMMON_BLOCKS = YES;
				GCC_OPTIMIZATION_LEVEL = 0;
				GCC_PREPROCESSOR_DEFINITIONS = (
					"DEBUG=1",
					"$(inherited)",
				);
				GCC_WARN_64_TO_32_BIT_CONVERSION = YES;
				GCC_WARN_ABOUT_RETURN_TYPE = YES_ERROR;
				GCC_WARN_UNDECLARED_SELECTOR = YES;
				GCC_WARN_UNINITIALIZED_AUTOS = YES_AGGRESSIVE;
				GCC_WARN_UNUSED_FUNCTION = YES;
				GCC_WARN_UNUSED_VARIABLE = YES;
				IPHONEOS_DEPLOYMENT_TARGET = 13.2;
				MTL_ENABLE_DEBUG_INFO = INCLUDE_SOURCE;
				MTL_FAST_MATH = YES;
				ONLY_ACTIVE_ARCH = YES;
				SDKROOT = iphoneos;
			};
			name = Debug;
		};
		EEBE7729238354CA002ED802 /* Release */ = {
			isa = XCBuildConfiguration;
			buildSettings = {
				ALWAYS_SEARCH_USER_PATHS = NO;
				CLANG_ANALYZER_NONNULL = YES;
				CLANG_ANALYZER_NUMBER_OBJECT_CONVERSION = YES_AGGRESSIVE;
				CLANG_CXX_LANGUAGE_STANDARD = "gnu++14";
				CLANG_CXX_LIBRARY = "libc++";
				CLANG_ENABLE_MODULES = YES;
				CLANG_ENABLE_OBJC_ARC = YES;
				CLANG_ENABLE_OBJC_WEAK = YES;
				CLANG_WARN_BLOCK_CAPTURE_AUTORELEASING = YES;
				CLANG_WARN_BOOL_CONVERSION = YES;
				CLANG_WARN_COMMA = YES;
				CLANG_WARN_CONSTANT_CONVERSION = YES;
				CLANG_WARN_DEPRECATED_OBJC_IMPLEMENTATIONS = YES;
				CLANG_WARN_DIRECT_OBJC_ISA_USAGE = YES_ERROR;
				CLANG_WARN_DOCUMENTATION_COMMENTS = YES;
				CLANG_WARN_EMPTY_BODY = YES;
				CLANG_WARN_ENUM_CONVERSION = YES;
				CLANG_WARN_INFINITE_RECURSION = YES;
				CLANG_WARN_INT_CONVERSION = YES;
				CLANG_WARN_NON_LITERAL_NULL_CONVERSION = YES;
				CLANG_WARN_OBJC_IMPLICIT_RETAIN_SELF = YES;
				CLANG_WARN_OBJC_LITERAL_CONVERSION = YES;
				CLANG_WARN_OBJC_ROOT_CLASS = YES_ERROR;
				CLANG_WARN_RANGE_LOOP_ANALYSIS = YES;
				CLANG_WARN_STRICT_PROTOTYPES = YES;
				CLANG_WARN_SUSPICIOUS_MOVE = YES;
				CLANG_WARN_UNGUARDED_AVAILABILITY = YES_AGGRESSIVE;
				CLANG_WARN_UNREACHABLE_CODE = YES;
				CLANG_WARN__DUPLICATE_METHOD_MATCH = YES;
				COPY_PHASE_STRIP = NO;
				DEBUG_INFORMATION_FORMAT = "dwarf-with-dsym";
				ENABLE_NS_ASSERTIONS = NO;
				ENABLE_STRICT_OBJC_MSGSEND = YES;
				GCC_C_LANGUAGE_STANDARD = gnu11;
				GCC_NO_COMMON_BLOCKS = YES;
				GCC_WARN_64_TO_32_BIT_CONVERSION = YES;
				GCC_WARN_ABOUT_RETURN_TYPE = YES_ERROR;
				GCC_WARN_UNDECLARED_SELECTOR = YES;
				GCC_WARN_UNINITIALIZED_AUTOS = YES_AGGRESSIVE;
				GCC_WARN_UNUSED_FUNCTION = YES;
				GCC_WARN_UNUSED_VARIABLE = YES;
				IPHONEOS_DEPLOYMENT_TARGET = 13.2;
				MTL_ENABLE_DEBUG_INFO = NO;
				MTL_FAST_MATH = YES;
				SDKROOT = iphoneos;
				VALIDATE_PRODUCT = YES;
			};
			name = Release;
		};
		EEBE772B238354CA002ED802 /* Debug */ = {
			isa = XCBuildConfiguration;
			buildSettings = {
				ASSETCATALOG_COMPILER_APPICON_NAME = AppIcon;
				CODE_SIGN_STYLE = Automatic;
				DEVELOPMENT_ASSET_PATHS = "../AdobeMobileLibrary-4.18.8-iOS/AdobeMobileLibrary/ADBMobileConfig.json";
				DEVELOPMENT_TEAM = FKGEE875K4;
				INFOPLIST_FILE = iOS13/Info.plist;
				IPHONEOS_DEPLOYMENT_TARGET = 10.0;
				LD_RUNPATH_SEARCH_PATHS = (
					"$(inherited)",
					"@executable_path/Frameworks",
				);
				PRODUCT_BUNDLE_IDENTIFIER = com.adobe.iOS13;
				PRODUCT_NAME = "$(TARGET_NAME)";
				TARGETED_DEVICE_FAMILY = "1,2";
			};
			name = Debug;
		};
		EEBE772C238354CA002ED802 /* Release */ = {
			isa = XCBuildConfiguration;
			buildSettings = {
				ASSETCATALOG_COMPILER_APPICON_NAME = AppIcon;
				CODE_SIGN_STYLE = Automatic;
				DEVELOPMENT_ASSET_PATHS = "../AdobeMobileLibrary-4.18.8-iOS/AdobeMobileLibrary/ADBMobileConfig.json";
				DEVELOPMENT_TEAM = FKGEE875K4;
				INFOPLIST_FILE = iOS13/Info.plist;
				IPHONEOS_DEPLOYMENT_TARGET = 10.0;
				LD_RUNPATH_SEARCH_PATHS = (
					"$(inherited)",
					"@executable_path/Frameworks",
				);
				PRODUCT_BUNDLE_IDENTIFIER = com.adobe.iOS13;
				PRODUCT_NAME = "$(TARGET_NAME)";
				TARGETED_DEVICE_FAMILY = "1,2";
			};
			name = Release;
		};
		EEBE772E238354CA002ED802 /* Debug */ = {
			isa = XCBuildConfiguration;
			buildSettings = {
				BUNDLE_LOADER = "$(TEST_HOST)";
				CODE_SIGN_STYLE = Automatic;
				INFOPLIST_FILE = iOS13Tests/Info.plist;
				IPHONEOS_DEPLOYMENT_TARGET = 13.2;
				LD_RUNPATH_SEARCH_PATHS = (
					"$(inherited)",
					"@executable_path/Frameworks",
					"@loader_path/Frameworks",
				);
				PRODUCT_BUNDLE_IDENTIFIER = com.adobe.iOS13Tests;
				PRODUCT_NAME = "$(TARGET_NAME)";
				TARGETED_DEVICE_FAMILY = "1,2";
				TEST_HOST = "$(BUILT_PRODUCTS_DIR)/iOS13.app/iOS13";
			};
			name = Debug;
		};
		EEBE772F238354CA002ED802 /* Release */ = {
			isa = XCBuildConfiguration;
			buildSettings = {
				BUNDLE_LOADER = "$(TEST_HOST)";
				CODE_SIGN_STYLE = Automatic;
				INFOPLIST_FILE = iOS13Tests/Info.plist;
				IPHONEOS_DEPLOYMENT_TARGET = 13.2;
				LD_RUNPATH_SEARCH_PATHS = (
					"$(inherited)",
					"@executable_path/Frameworks",
					"@loader_path/Frameworks",
				);
				PRODUCT_BUNDLE_IDENTIFIER = com.adobe.iOS13Tests;
				PRODUCT_NAME = "$(TARGET_NAME)";
				TARGETED_DEVICE_FAMILY = "1,2";
				TEST_HOST = "$(BUILT_PRODUCTS_DIR)/iOS13.app/iOS13";
			};
			name = Release;
		};
		EEBE7731238354CA002ED802 /* Debug */ = {
			isa = XCBuildConfiguration;
			buildSettings = {
				CODE_SIGN_STYLE = Automatic;
				INFOPLIST_FILE = iOS13UITests/Info.plist;
				LD_RUNPATH_SEARCH_PATHS = (
					"$(inherited)",
					"@executable_path/Frameworks",
					"@loader_path/Frameworks",
				);
				PRODUCT_BUNDLE_IDENTIFIER = com.adobe.iOS13UITests;
				PRODUCT_NAME = "$(TARGET_NAME)";
				TARGETED_DEVICE_FAMILY = "1,2";
				TEST_TARGET_NAME = iOS13;
			};
			name = Debug;
		};
		EEBE7732238354CA002ED802 /* Release */ = {
			isa = XCBuildConfiguration;
			buildSettings = {
				CODE_SIGN_STYLE = Automatic;
				INFOPLIST_FILE = iOS13UITests/Info.plist;
				LD_RUNPATH_SEARCH_PATHS = (
					"$(inherited)",
					"@executable_path/Frameworks",
					"@loader_path/Frameworks",
				);
				PRODUCT_BUNDLE_IDENTIFIER = com.adobe.iOS13UITests;
				PRODUCT_NAME = "$(TARGET_NAME)";
				TARGETED_DEVICE_FAMILY = "1,2";
				TEST_TARGET_NAME = iOS13;
			};
			name = Release;
		};
/* End XCBuildConfiguration section */

/* Begin XCConfigurationList section */
		EEBE76F6238354C9002ED802 /* Build configuration list for PBXProject "iOS13" */ = {
			isa = XCConfigurationList;
			buildConfigurations = (
				EEBE7728238354CA002ED802 /* Debug */,
				EEBE7729238354CA002ED802 /* Release */,
			);
			defaultConfigurationIsVisible = 0;
			defaultConfigurationName = Release;
		};
		EEBE772A238354CA002ED802 /* Build configuration list for PBXNativeTarget "iOS13" */ = {
			isa = XCConfigurationList;
			buildConfigurations = (
				EEBE772B238354CA002ED802 /* Debug */,
				EEBE772C238354CA002ED802 /* Release */,
			);
			defaultConfigurationIsVisible = 0;
			defaultConfigurationName = Release;
		};
		EEBE772D238354CA002ED802 /* Build configuration list for PBXNativeTarget "iOS13Tests" */ = {
			isa = XCConfigurationList;
			buildConfigurations = (
				EEBE772E238354CA002ED802 /* Debug */,
				EEBE772F238354CA002ED802 /* Release */,
			);
			defaultConfigurationIsVisible = 0;
			defaultConfigurationName = Release;
		};
		EEBE7730238354CA002ED802 /* Build configuration list for PBXNativeTarget "iOS13UITests" */ = {
			isa = XCConfigurationList;
			buildConfigurations = (
				EEBE7731238354CA002ED802 /* Debug */,
				EEBE7732238354CA002ED802 /* Release */,
			);
			defaultConfigurationIsVisible = 0;
			defaultConfigurationName = Release;
		};
/* End XCConfigurationList section */
	};
	rootObject = EEBE76F3238354C9002ED802 /* Project object */;
}
